// !$*UTF8*$!
{
	archiveVersion = 1;
	classes = {
	};
	objectVersion = 56;
	objects = {

/* Begin PBXBuildFile section */
		5DC8EED629FC20C3003745D6 /* ClaseIOSAppExampleApp.swift in Sources */ = {isa = PBXBuildFile; fileRef = 5DC8EED529FC20C3003745D6 /* ClaseIOSAppExampleApp.swift */; };
		5DC8EED829FC20C3003745D6 /* ContentView.swift in Sources */ = {isa = PBXBuildFile; fileRef = 5DC8EED729FC20C3003745D6 /* ContentView.swift */; };
		5DC8EEDA29FC20C5003745D6 /* Assets.xcassets in Resources */ = {isa = PBXBuildFile; fileRef = 5DC8EED929FC20C5003745D6 /* Assets.xcassets */; };
		5DC8EEDD29FC20C5003745D6 /* Preview Assets.xcassets in Resources */ = {isa = PBXBuildFile; fileRef = 5DC8EEDC29FC20C5003745D6 /* Preview Assets.xcassets */; };
		5DC8EEE529FC2138003745D6 /* Alamofire in Frameworks */ = {isa = PBXBuildFile; productRef = 5DC8EEE429FC2138003745D6 /* Alamofire */; };
		5DC8EEEC29FC2524003745D6 /* ApiRest.swift in Sources */ = {isa = PBXBuildFile; fileRef = 5DC8EEEB29FC2524003745D6 /* ApiRest.swift */; };
		5DC8EEEE29FC2D3A003745D6 /* Characters.swift in Sources */ = {isa = PBXBuildFile; fileRef = 5DC8EEED29FC2D3A003745D6 /* Characters.swift */; };
		5DC8EEF029FC301D003745D6 /* CharactersRepository.swift in Sources */ = {isa = PBXBuildFile; fileRef = 5DC8EEEF29FC301D003745D6 /* CharactersRepository.swift */; };
		5DC8EEF329FC3169003745D6 /* CharactersVM.swift in Sources */ = {isa = PBXBuildFile; fileRef = 5DC8EEF229FC3169003745D6 /* CharactersVM.swift */; };
		5DC8EEF529FC82E9003745D6 /* CharactersUI.swift in Sources */ = {isa = PBXBuildFile; fileRef = 5DC8EEF429FC82E9003745D6 /* CharactersUI.swift */; };
		5DC8EEF729FC8401003745D6 /* ItemCharactersUI.swift in Sources */ = {isa = PBXBuildFile; fileRef = 5DC8EEF629FC8401003745D6 /* ItemCharactersUI.swift */; };
		5DC8EF0229FCA1EE003745D6 /* Extensions.swift in Sources */ = {isa = PBXBuildFile; fileRef = 5DC8EF0129FCA1EE003745D6 /* Extensions.swift */; };
		5DC8EF0529FD670D003745D6 /* DescriptionUI.swift in Sources */ = {isa = PBXBuildFile; fileRef = 5DC8EF0429FD670D003745D6 /* DescriptionUI.swift */; };
/* End PBXBuildFile section */

/* Begin PBXFileReference section */
		5DC8EED229FC20C3003745D6 /* ClaseIOSAppExample.app */ = {isa = PBXFileReference; explicitFileType = wrapper.application; includeInIndex = 0; path = ClaseIOSAppExample.app; sourceTree = BUILT_PRODUCTS_DIR; };
		5DC8EED529FC20C3003745D6 /* ClaseIOSAppExampleApp.swift */ = {isa = PBXFileReference; lastKnownFileType = sourcecode.swift; path = ClaseIOSAppExampleApp.swift; sourceTree = "<group>"; };
		5DC8EED729FC20C3003745D6 /* ContentView.swift */ = {isa = PBXFileReference; lastKnownFileType = sourcecode.swift; path = ContentView.swift; sourceTree = "<group>"; };
		5DC8EED929FC20C5003745D6 /* Assets.xcassets */ = {isa = PBXFileReference; lastKnownFileType = folder.assetcatalog; path = Assets.xcassets; sourceTree = "<group>"; };
		5DC8EEDC29FC20C5003745D6 /* Preview Assets.xcassets */ = {isa = PBXFileReference; lastKnownFileType = folder.assetcatalog; path = "Preview Assets.xcassets"; sourceTree = "<group>"; };
		5DC8EEEB29FC2524003745D6 /* ApiRest.swift */ = {isa = PBXFileReference; lastKnownFileType = sourcecode.swift; path = ApiRest.swift; sourceTree = "<group>"; };
		5DC8EEED29FC2D3A003745D6 /* Characters.swift */ = {isa = PBXFileReference; lastKnownFileType = sourcecode.swift; path = Characters.swift; sourceTree = "<group>"; };
		5DC8EEEF29FC301D003745D6 /* CharactersRepository.swift */ = {isa = PBXFileReference; lastKnownFileType = sourcecode.swift; path = CharactersRepository.swift; sourceTree = "<group>"; };
		5DC8EEF229FC3169003745D6 /* CharactersVM.swift */ = {isa = PBXFileReference; lastKnownFileType = sourcecode.swift; path = CharactersVM.swift; sourceTree = "<group>"; };
		5DC8EEF429FC82E9003745D6 /* CharactersUI.swift */ = {isa = PBXFileReference; lastKnownFileType = sourcecode.swift; path = CharactersUI.swift; sourceTree = "<group>"; };
		5DC8EEF629FC8401003745D6 /* ItemCharactersUI.swift */ = {isa = PBXFileReference; lastKnownFileType = sourcecode.swift; path = ItemCharactersUI.swift; sourceTree = "<group>"; };
		5DC8EEFB29FC8FEE003745D6 /* Info.plist */ = {isa = PBXFileReference; lastKnownFileType = text.plist.xml; path = Info.plist; sourceTree = "<group>"; };
		5DC8EF0129FCA1EE003745D6 /* Extensions.swift */ = {isa = PBXFileReference; lastKnownFileType = sourcecode.swift; path = Extensions.swift; sourceTree = "<group>"; };
		5DC8EF0429FD670D003745D6 /* DescriptionUI.swift */ = {isa = PBXFileReference; lastKnownFileType = sourcecode.swift; path = DescriptionUI.swift; sourceTree = "<group>"; };
/* End PBXFileReference section */

/* Begin PBXFrameworksBuildPhase section */
		5DC8EECF29FC20C3003745D6 /* Frameworks */ = {
			isa = PBXFrameworksBuildPhase;
			buildActionMask = 2147483647;
			files = (
				5DC8EEE529FC2138003745D6 /* Alamofire in Frameworks */,
			);
			runOnlyForDeploymentPostprocessing = 0;
		};
/* End PBXFrameworksBuildPhase section */

/* Begin PBXGroup section */
		5DC8EEC929FC20C3003745D6 = {
			isa = PBXGroup;
			children = (
				5DC8EED429FC20C3003745D6 /* ClaseIOSAppExample */,
				5DC8EED329FC20C3003745D6 /* Products */,
			);
			sourceTree = "<group>";
		};
		5DC8EED329FC20C3003745D6 /* Products */ = {
			isa = PBXGroup;
			children = (
				5DC8EED229FC20C3003745D6 /* ClaseIOSAppExample.app */,
			);
			name = Products;
			sourceTree = "<group>";
		};
		5DC8EED429FC20C3003745D6 /* ClaseIOSAppExample */ = {
			isa = PBXGroup;
			children = (
				5DC8EF0029FCA1D2003745D6 /* utils */,
				5DC8EEFB29FC8FEE003745D6 /* Info.plist */,
				5DC8EEE729FC244D003745D6 /* view */,
				5DC8EEE629FC2441003745D6 /* model */,
				5DC8EED529FC20C3003745D6 /* ClaseIOSAppExampleApp.swift */,
				5DC8EED729FC20C3003745D6 /* ContentView.swift */,
				5DC8EED929FC20C5003745D6 /* Assets.xcassets */,
				5DC8EEDB29FC20C5003745D6 /* Preview Content */,
			);
			path = ClaseIOSAppExample;
			sourceTree = "<group>";
		};
		5DC8EEDB29FC20C5003745D6 /* Preview Content */ = {
			isa = PBXGroup;
			children = (
				5DC8EEDC29FC20C5003745D6 /* Preview Assets.xcassets */,
			);
			path = "Preview Content";
			sourceTree = "<group>";
		};
		5DC8EEE629FC2441003745D6 /* model */ = {
			isa = PBXGroup;
			children = (
				5DC8EEEA29FC248C003745D6 /* repositories */,
				5DC8EEE929FC247F003745D6 /* network */,
				5DC8EEE829FC245D003745D6 /* entities */,
			);
			path = model;
			sourceTree = "<group>";
		};
		5DC8EEE729FC244D003745D6 /* view */ = {
			isa = PBXGroup;
			children = (
				5DC8EF0329FD66FA003745D6 /* description */,
				5DC8EEF129FC3109003745D6 /* characters_view */,
			);
			path = view;
			sourceTree = "<group>";
		};
		5DC8EEE829FC245D003745D6 /* entities */ = {
			isa = PBXGroup;
			children = (
				5DC8EEED29FC2D3A003745D6 /* Characters.swift */,
			);
			path = entities;
			sourceTree = "<group>";
		};
		5DC8EEE929FC247F003745D6 /* network */ = {
			isa = PBXGroup;
			children = (
				5DC8EEEB29FC2524003745D6 /* ApiRest.swift */,
			);
			path = network;
			sourceTree = "<group>";
		};
		5DC8EEEA29FC248C003745D6 /* repositories */ = {
			isa = PBXGroup;
			children = (
				5DC8EEEF29FC301D003745D6 /* CharactersRepository.swift */,
			);
			path = repositories;
			sourceTree = "<group>";
		};
		5DC8EEF129FC3109003745D6 /* characters_view */ = {
			isa = PBXGroup;
			children = (
				5DC8EEF229FC3169003745D6 /* CharactersVM.swift */,
				5DC8EEF429FC82E9003745D6 /* CharactersUI.swift */,
				5DC8EEF629FC8401003745D6 /* ItemCharactersUI.swift */,
			);
			path = characters_view;
			sourceTree = "<group>";
		};
		5DC8EF0029FCA1D2003745D6 /* utils */ = {
			isa = PBXGroup;
			children = (
				5DC8EF0129FCA1EE003745D6 /* Extensions.swift */,
			);
			path = utils;
			sourceTree = "<group>";
		};
		5DC8EF0329FD66FA003745D6 /* description */ = {
			isa = PBXGroup;
			children = (
				5DC8EF0429FD670D003745D6 /* DescriptionUI.swift */,
			);
			path = description;
			sourceTree = "<group>";
		};
/* End PBXGroup section */

/* Begin PBXNativeTarget section */
		5DC8EED129FC20C3003745D6 /* ClaseIOSAppExample */ = {
			isa = PBXNativeTarget;
			buildConfigurationList = 5DC8EEE029FC20C5003745D6 /* Build configuration list for PBXNativeTarget "ClaseIOSAppExample" */;
			buildPhases = (
				5DC8EECE29FC20C3003745D6 /* Sources */,
				5DC8EECF29FC20C3003745D6 /* Frameworks */,
				5DC8EED029FC20C3003745D6 /* Resources */,
			);
			buildRules = (
			);
			dependencies = (
			);
			name = ClaseIOSAppExample;
			packageProductDependencies = (
				5DC8EEE429FC2138003745D6 /* Alamofire */,
			);
			productName = ClaseIOSAppExample;
			productReference = 5DC8EED229FC20C3003745D6 /* ClaseIOSAppExample.app */;
			productType = "com.apple.product-type.application";
		};
/* End PBXNativeTarget section */

/* Begin PBXProject section */
		5DC8EECA29FC20C3003745D6 /* Project object */ = {
			isa = PBXProject;
			attributes = {
				BuildIndependentTargetsInParallel = 1;
				LastSwiftUpdateCheck = 1420;
				LastUpgradeCheck = 1420;
				TargetAttributes = {
					5DC8EED129FC20C3003745D6 = {
						CreatedOnToolsVersion = 14.2;
					};
				};
			};
			buildConfigurationList = 5DC8EECD29FC20C3003745D6 /* Build configuration list for PBXProject "ClaseIOSAppExample" */;
			compatibilityVersion = "Xcode 14.0";
			developmentRegion = en;
			hasScannedForEncodings = 0;
			knownRegions = (
				en,
				Base,
			);
			mainGroup = 5DC8EEC929FC20C3003745D6;
			packageReferences = (
				5DC8EEE329FC2138003745D6 /* XCRemoteSwiftPackageReference "Alamofire" */,
			);
			productRefGroup = 5DC8EED329FC20C3003745D6 /* Products */;
			projectDirPath = "";
			projectRoot = "";
			targets = (
				5DC8EED129FC20C3003745D6 /* ClaseIOSAppExample */,
			);
		};
/* End PBXProject section */

/* Begin PBXResourcesBuildPhase section */
		5DC8EED029FC20C3003745D6 /* Resources */ = {
			isa = PBXResourcesBuildPhase;
			buildActionMask = 2147483647;
			files = (
				5DC8EEDD29FC20C5003745D6 /* Preview Assets.xcassets in Resources */,
				5DC8EEDA29FC20C5003745D6 /* Assets.xcassets in Resources */,
			);
			runOnlyForDeploymentPostprocessing = 0;
		};
/* End PBXResourcesBuildPhase section */

/* Begin PBXSourcesBuildPhase section */
		5DC8EECE29FC20C3003745D6 /* Sources */ = {
			isa = PBXSourcesBuildPhase;
			buildActionMask = 2147483647;
			files = (
				5DC8EEF329FC3169003745D6 /* CharactersVM.swift in Sources */,
				5DC8EF0229FCA1EE003745D6 /* Extensions.swift in Sources */,
				5DC8EEF529FC82E9003745D6 /* CharactersUI.swift in Sources */,
				5DC8EED829FC20C3003745D6 /* ContentView.swift in Sources */,
				5DC8EF0529FD670D003745D6 /* DescriptionUI.swift in Sources */,
				5DC8EEF029FC301D003745D6 /* CharactersRepository.swift in Sources */,
				5DC8EEEC29FC2524003745D6 /* ApiRest.swift in Sources */,
				5DC8EED629FC20C3003745D6 /* ClaseIOSAppExampleApp.swift in Sources */,
				5DC8EEF729FC8401003745D6 /* ItemCharactersUI.swift in Sources */,
				5DC8EEEE29FC2D3A003745D6 /* Characters.swift in Sources */,
			);
			runOnlyForDeploymentPostprocessing = 0;
		};
/* End PBXSourcesBuildPhase section */

/* Begin XCBuildConfiguration section */
		5DC8EEDE29FC20C5003745D6 /* Debug */ = {
			isa = XCBuildConfiguration;
			buildSettings = {
				ALWAYS_SEARCH_USER_PATHS = NO;
				CLANG_ANALYZER_NONNULL = YES;
				CLANG_ANALYZER_NUMBER_OBJECT_CONVERSION = YES_AGGRESSIVE;
				CLANG_CXX_LANGUAGE_STANDARD = "gnu++20";
				CLANG_ENABLE_MODULES = YES;
				CLANG_ENABLE_OBJC_ARC = YES;
				CLANG_ENABLE_OBJC_WEAK = YES;
				CLANG_WARN_BLOCK_CAPTURE_AUTORELEASING = YES;
				CLANG_WARN_BOOL_CONVERSION = YES;
				CLANG_WARN_COMMA = YES;
				CLANG_WARN_CONSTANT_CONVERSION = YES;
				CLANG_WARN_DEPRECATED_OBJC_IMPLEMENTATIONS = YES;
				CLANG_WARN_DIRECT_OBJC_ISA_USAGE = YES_ERROR;
				CLANG_WARN_DOCUMENTATION_COMMENTS = YES;
				CLANG_WARN_EMPTY_BODY = YES;
				CLANG_WARN_ENUM_CONVERSION = YES;
				CLANG_WARN_INFINITE_RECURSION = YES;
				CLANG_WARN_INT_CONVERSION = YES;
				CLANG_WARN_NON_LITERAL_NULL_CONVERSION = YES;
				CLANG_WARN_OBJC_IMPLICIT_RETAIN_SELF = YES;
				CLANG_WARN_OBJC_LITERAL_CONVERSION = YES;
				CLANG_WARN_OBJC_ROOT_CLASS = YES_ERROR;
				CLANG_WARN_QUOTED_INCLUDE_IN_FRAMEWORK_HEADER = YES;
				CLANG_WARN_RANGE_LOOP_ANALYSIS = YES;
				CLANG_WARN_STRICT_PROTOTYPES = YES;
				CLANG_WARN_SUSPICIOUS_MOVE = YES;
				CLANG_WARN_UNGUARDED_AVAILABILITY = YES_AGGRESSIVE;
				CLANG_WARN_UNREACHABLE_CODE = YES;
				CLANG_WARN__DUPLICATE_METHOD_MATCH = YES;
				COPY_PHASE_STRIP = NO;
				DEBUG_INFORMATION_FORMAT = dwarf;
				ENABLE_STRICT_OBJC_MSGSEND = YES;
				ENABLE_TESTABILITY = YES;
				GCC_C_LANGUAGE_STANDARD = gnu11;
				GCC_DYNAMIC_NO_PIC = NO;
				GCC_NO_COMMON_BLOCKS = YES;
				GCC_OPTIMIZATION_LEVEL = 0;
				GCC_PREPROCESSOR_DEFINITIONS = (
					"DEBUG=1",
					"$(inherited)",
				);
				GCC_WARN_64_TO_32_BIT_CONVERSION = YES;
				GCC_WARN_ABOUT_RETURN_TYPE = YES_ERROR;
				GCC_WARN_UNDECLARED_SELECTOR = YES;
				GCC_WARN_UNINITIALIZED_AUTOS = YES_AGGRESSIVE;
				GCC_WARN_UNUSED_FUNCTION = YES;
				GCC_WARN_UNUSED_VARIABLE = YES;
				IPHONEOS_DEPLOYMENT_TARGET = 16.2;
				MTL_ENABLE_DEBUG_INFO = INCLUDE_SOURCE;
				MTL_FAST_MATH = YES;
				ONLY_ACTIVE_ARCH = YES;
				SDKROOT = iphoneos;
				SWIFT_ACTIVE_COMPILATION_CONDITIONS = DEBUG;
				SWIFT_OPTIMIZATION_LEVEL = "-Onone";
			};
			name = Debug;
		};
		5DC8EEDF29FC20C5003745D6 /* Release */ = {
			isa = XCBuildConfiguration;
			buildSettings = {
				ALWAYS_SEARCH_USER_PATHS = NO;
				CLANG_ANALYZER_NONNULL = YES;
				CLANG_ANALYZER_NUMBER_OBJECT_CONVERSION = YES_AGGRESSIVE;
				CLANG_CXX_LANGUAGE_STANDARD = "gnu++20";
				CLANG_ENABLE_MODULES = YES;
				CLANG_ENABLE_OBJC_ARC = YES;
				CLANG_ENABLE_OBJC_WEAK = YES;
				CLANG_WARN_BLOCK_CAPTURE_AUTORELEASING = YES;
				CLANG_WARN_BOOL_CONVERSION = YES;
				CLANG_WARN_COMMA = YES;
				CLANG_WARN_CONSTANT_CONVERSION = YES;
				CLANG_WARN_DEPRECATED_OBJC_IMPLEMENTATIONS = YES;
				CLANG_WARN_DIRECT_OBJC_ISA_USAGE = YES_ERROR;
				CLANG_WARN_DOCUMENTATION_COMMENTS = YES;
				CLANG_WARN_EMPTY_BODY = YES;
				CLANG_WARN_ENUM_CONVERSION = YES;
				CLANG_WARN_INFINITE_RECURSION = YES;
				CLANG_WARN_INT_CONVERSION = YES;
				CLANG_WARN_NON_LITERAL_NULL_CONVERSION = YES;
				CLANG_WARN_OBJC_IMPLICIT_RETAIN_SELF = YES;
				CLANG_WARN_OBJC_LITERAL_CONVERSION = YES;
				CLANG_WARN_OBJC_ROOT_CLASS = YES_ERROR;
				CLANG_WARN_QUOTED_INCLUDE_IN_FRAMEWORK_HEADER = YES;
				CLANG_WARN_RANGE_LOOP_ANALYSIS = YES;
				CLANG_WARN_STRICT_PROTOTYPES = YES;
				CLANG_WARN_SUSPICIOUS_MOVE = YES;
				CLANG_WARN_UNGUARDED_AVAILABILITY = YES_AGGRESSIVE;
				CLANG_WARN_UNREACHABLE_CODE = YES;
				CLANG_WARN__DUPLICATE_METHOD_MATCH = YES;
				COPY_PHASE_STRIP = NO;
				DEBUG_INFORMATION_FORMAT = "dwarf-with-dsym";
				ENABLE_NS_ASSERTIONS = NO;
				ENABLE_STRICT_OBJC_MSGSEND = YES;
				GCC_C_LANGUAGE_STANDARD = gnu11;
				GCC_NO_COMMON_BLOCKS = YES;
				GCC_WARN_64_TO_32_BIT_CONVERSION = YES;
				GCC_WARN_ABOUT_RETURN_TYPE = YES_ERROR;
				GCC_WARN_UNDECLARED_SELECTOR = YES;
				GCC_WARN_UNINITIALIZED_AUTOS = YES_AGGRESSIVE;
				GCC_WARN_UNUSED_FUNCTION = YES;
				GCC_WARN_UNUSED_VARIABLE = YES;
				IPHONEOS_DEPLOYMENT_TARGET = 16.2;
				MTL_ENABLE_DEBUG_INFO = NO;
				MTL_FAST_MATH = YES;
				SDKROOT = iphoneos;
				SWIFT_COMPILATION_MODE = wholemodule;
				SWIFT_OPTIMIZATION_LEVEL = "-O";
				VALIDATE_PRODUCT = YES;
			};
			name = Release;
		};
		5DC8EEE129FC20C5003745D6 /* Debug */ = {
			isa = XCBuildConfiguration;
			buildSettings = {
				ASSETCATALOG_COMPILER_APPICON_NAME = AppIcon;
				ASSETCATALOG_COMPILER_GLOBAL_ACCENT_COLOR_NAME = AccentColor;
				CODE_SIGN_STYLE = Automatic;
				CURRENT_PROJECT_VERSION = 1;
				DEVELOPMENT_ASSET_PATHS = "\"ClaseIOSAppExample/Preview Content\"";
				DEVELOPMENT_TEAM = WML3FCK8RE;
				ENABLE_PREVIEWS = YES;
				GENERATE_INFOPLIST_FILE = YES;
				INFOPLIST_FILE = ClaseIOSAppExample/Info.plist;
				INFOPLIST_KEY_UIApplicationSceneManifest_Generation = YES;
				INFOPLIST_KEY_UIApplicationSupportsIndirectInputEvents = YES;
				INFOPLIST_KEY_UILaunchScreen_Generation = YES;
				INFOPLIST_KEY_UISupportedInterfaceOrientations_iPad = "UIInterfaceOrientationPortrait UIInterfaceOrientationPortraitUpsideDown UIInterfaceOrientationLandscapeLeft UIInterfaceOrientationLandscapeRight";
				INFOPLIST_KEY_UISupportedInterfaceOrientations_iPhone = "UIInterfaceOrientationPortrait UIInterfaceOrientationLandscapeLeft UIInterfaceOrientationLandscapeRight";
				LD_RUNPATH_SEARCH_PATHS = (
					"$(inherited)",
					"@executable_path/Frameworks",
				);
				MARKETING_VERSION = 1.0;
				PRODUCT_BUNDLE_IDENTIFIER = com.matt.ClaseIOSAppExample;
				PRODUCT_NAME = "$(TARGET_NAME)";
				SWIFT_EMIT_LOC_STRINGS = YES;
				SWIFT_VERSION = 5.0;
				TARGETED_DEVICE_FAMILY = "1,2";
			};
			name = Debug;
		};
		5DC8EEE229FC20C5003745D6 /* Release */ = {
			isa = XCBuildConfiguration;
			buildSettings = {
				ASSETCATALOG_COMPILER_APPICON_NAME = AppIcon;
				ASSETCATALOG_COMPILER_GLOBAL_ACCENT_COLOR_NAME = AccentColor;
				CODE_SIGN_STYLE = Automatic;
				CURRENT_PROJECT_VERSION = 1;
				DEVELOPMENT_ASSET_PATHS = "\"ClaseIOSAppExample/Preview Content\"";
				DEVELOPMENT_TEAM = WML3FCK8RE;
				ENABLE_PREVIEWS = YES;
				GENERATE_INFOPLIST_FILE = YES;
				INFOPLIST_FILE = ClaseIOSAppExample/Info.plist;
				INFOPLIST_KEY_UIApplicationSceneManifest_Generation = YES;
				INFOPLIST_KEY_UIApplicationSupportsIndirectInputEvents = YES;
				INFOPLIST_KEY_UILaunchScreen_Generation = YES;
				INFOPLIST_KEY_UISupportedInterfaceOrientations_iPad = "UIInterfaceOrientationPortrait UIInterfaceOrientationPortraitUpsideDown UIInterfaceOrientationLandscapeLeft UIInterfaceOrientationLandscapeRight";
				INFOPLIST_KEY_UISupportedInterfaceOrientations_iPhone = "UIInterfaceOrientationPortrait UIInterfaceOrientationLandscapeLeft UIInterfaceOrientationLandscapeRight";
				LD_RUNPATH_SEARCH_PATHS = (
					"$(inherited)",
					"@executable_path/Frameworks",
				);
				MARKETING_VERSION = 1.0;
				PRODUCT_BUNDLE_IDENTIFIER = com.matt.ClaseIOSAppExample;
				PRODUCT_NAME = "$(TARGET_NAME)";
				SWIFT_EMIT_LOC_STRINGS = YES;
				SWIFT_VERSION = 5.0;
				TARGETED_DEVICE_FAMILY = "1,2";
			};
			name = Release;
		};
/* End XCBuildConfiguration section */

/* Begin XCConfigurationList section */
		5DC8EECD29FC20C3003745D6 /* Build configuration list for PBXProject "ClaseIOSAppExample" */ = {
			isa = XCConfigurationList;
			buildConfigurations = (
				5DC8EEDE29FC20C5003745D6 /* Debug */,
				5DC8EEDF29FC20C5003745D6 /* Release */,
			);
			defaultConfigurationIsVisible = 0;
			defaultConfigurationName = Release;
		};
		5DC8EEE029FC20C5003745D6 /* Build configuration list for PBXNativeTarget "ClaseIOSAppExample" */ = {
			isa = XCConfigurationList;
			buildConfigurations = (
				5DC8EEE129FC20C5003745D6 /* Debug */,
				5DC8EEE229FC20C5003745D6 /* Release */,
			);
			defaultConfigurationIsVisible = 0;
			defaultConfigurationName = Release;
		};
/* End XCConfigurationList section */

/* Begin XCRemoteSwiftPackageReference section */
		5DC8EEE329FC2138003745D6 /* XCRemoteSwiftPackageReference "Alamofire" */ = {
			isa = XCRemoteSwiftPackageReference;
			repositoryURL = "https://github.com/Alamofire/Alamofire.git";
			requirement = {
				branch = master;
				kind = branch;
			};
		};
/* End XCRemoteSwiftPackageReference section */

/* Begin XCSwiftPackageProductDependency section */
		5DC8EEE429FC2138003745D6 /* Alamofire */ = {
			isa = XCSwiftPackageProductDependency;
			package = 5DC8EEE329FC2138003745D6 /* XCRemoteSwiftPackageReference "Alamofire" */;
			productName = Alamofire;
		};
/* End XCSwiftPackageProductDependency section */
	};
	rootObject = 5DC8EECA29FC20C3003745D6 /* Project object */;
}
